{
  "version": 4,
  "terraform_version": "1.1.8",
  "serial": 3,
  "lineage": "6046bf49-0831-7a0c-f36f-0b67919c683e",
  "outputs": {},
  "resources": [
    {
      "mode": "managed",
      "type": "local_file",
      "name": "ansible_inventory",
      "provider": "provider[\"registry.terraform.io/hashicorp/local\"]",
      "instances": [
        {
          "schema_version": 0,
          "attributes": {
            "content": "---\r\n# This should be replaced with the terraform integration!\r\n# In lack of automatic creation (?) from tf, this currently requires an additional \"-i inventory\" when run\r\nall:\r\n  hosts:\r\n    pve:\r\n      ansible_host: 192.168.1.101\r\n      ansible_user: root\r\n    children:\r\n      containers:\r\n        media:\r\n          ansible_host: \"{{ media_ip }}\"\r\n          ansible_user: \"{{ user }}\"\r\n      # vms:\r\n      #   hassio:\r\n      #     ansible_host: {{ hassio_ip }}\r\n      #     ansible_user: {{ user }}\r\n      #   opnsense:\r\n      #     ansible_host: {{ opnsense_ip }}\r\n      #     ansible_user: {{ user }}",
            "content_base64": null,
            "directory_permission": "0777",
            "file_permission": "0777",
            "filename": "../ansible/inventory",
            "id": "8d1f625241c6cc82f546ddb0c0d1674095bd7a3a",
            "sensitive_content": null,
            "source": null
          },
          "sensitive_attributes": [],
          "private": "bnVsbA=="
        }
      ]
    },
    {
      "module": "module.media",
      "mode": "managed",
      "type": "proxmox_lxc",
      "name": "test_ct",
      "provider": "provider[\"registry.terraform.io/telmate/proxmox\"]",
      "instances": [
        {
          "schema_version": 0,
          "attributes": {
            "arch": "amd64",
            "bwlimit": 0,
            "clone": null,
            "clone_storage": null,
            "cmode": "tty",
            "console": true,
            "cores": 0,
            "cpulimit": 0,
            "cpuunits": 1024,
            "description": "",
            "features": [
              {
                "fuse": null,
                "keyctl": null,
                "mount": "",
                "nesting": true
              }
            ],
            "force": false,
            "full": null,
            "hagroup": "",
            "hastate": "",
            "hookscript": "",
            "hostname": "media",
            "id": "proxmox/lxc/100",
            "ignore_unpack_errors": false,
            "lock": "",
            "memory": 512,
            "mountpoint": [],
            "nameserver": "",
            "network": [
              {
                "bridge": "vmbr0",
                "firewall": false,
                "gw": "",
                "gw6": "",
                "hwaddr": "AA:83:D1:A5:EF:38",
                "ip": "192.168.1.110/24",
                "ip6": "auto",
                "mtu": 0,
                "name": "eth0",
                "rate": 0,
                "tag": 0,
                "trunks": "",
                "type": "veth"
              }
            ],
            "onboot": true,
            "ostemplate": "local-btrfs:vztmpl/debian-11-standard_11.3-1_amd64.tar.zst",
            "ostype": "debian",
            "password": null,
            "pool": null,
            "protection": false,
            "restore": false,
            "rootfs": [
              {
                "size": "8G",
                "storage": "FastStorage",
                "volume": "FastStorage:vm-100-disk-0"
              }
            ],
            "searchdomain": "",
            "ssh_public_keys": "ssh-rsa AAAAB3NzaC1yc2EAAAADAQABAAABAQDGtvvMTZnu76+JxfBR+N6bAbxvUkZRvzwIKf7xWKxhDWLsQLpPwuOLDZ+YSl3mnMVX2nsY48Gnx/l/qFjyw9PrQy0M0zZ8ZEQ4xxbZgS2ttM+pK7EKMYqEYdftBlcjgfsVNUsXO1wBJXDBFmIwyU3t/mA5qg4eNbKmmXY5ZC53bdPoTCpbjxMEC5nagyQfGGRaqmkLbHuv9Z15nfvEms2Lufi88rju0KmPMwwxgi+0vlOklIhzB4llM/Lv/7PvZ9mktw8YXhr1YSZTTruHS7k2X3cxYPy0FayIEGgmTkw7oIPGsBN51Ipsrv67maYdIAjJ+rAFM6RgWPFDdyHa8mtt daniel@DESKTOP-ABOD49E\n",
            "start": false,
            "startup": "",
            "swap": 512,
            "tags": "",
            "target_node": "proxmox",
            "template": false,
            "timeouts": null,
            "tty": 2,
            "unique": false,
            "unprivileged": true,
            "unused": [],
            "vmid": 0
          },
          "sensitive_attributes": [],
          "private": "eyJlMmJmYjczMC1lY2FhLTExZTYtOGY4OC0zNDM2M2JjN2M0YzAiOnsiY3JlYXRlIjozMDAwMDAwMDAwMDAsImRlZmF1bHQiOjMwMDAwMDAwMDAwMCwiZGVsZXRlIjoxODAwMDAwMDAwMDAsInJlYWQiOjE4MDAwMDAwMDAwMCwidXBkYXRlIjoxODAwMDAwMDAwMDB9fQ=="
        }
      ]
    }
  ]
}
