{
  "version": 4,
  "terraform_version": "1.3.7",
  "serial": 80,
  "lineage": "70b9808b-fb6d-5598-26d9-157cfbd84c52",
  "outputs": {},
  "resources": [
    {
      "mode": "managed",
      "type": "local_file",
      "name": "inventory_template",
      "provider": "provider[\"registry.terraform.io/hashicorp/local\"]",
      "instances": [
        {
          "schema_version": 0,
          "attributes": {
            "content": "\"all\":\n  \"hosts\":\n    \"authentication\":\n      \"ansible_host\": \"192.168.1.105\"\n      \"ansible_user\": \"root\"\n    \"backup\":\n      \"ansible_host\": \"192.168.1.102\"\n      \"ansible_user\": \"root\"\n    \"collaboration\":\n      \"ansible_host\": \"192.168.1.104\"\n      \"ansible_user\": \"root\"\n    \"media\":\n      \"ansible_host\": \"192.168.1.101\"\n      \"ansible_user\": \"root\"\n    \"network\":\n      \"ansible_host\": \"192.168.1.103\"\n      \"ansible_user\": \"root\"\n    \"pve\":\n      \"ansible_host\": \"192.168.1.100\"\n      \"ansible_python_interpreter\": \"/usr/bin/python3\"\n      \"ansible_user\": \"root\"\n",
            "content_base64": null,
            "content_base64sha256": "JXIvWz8aV+WDl4572U6UjWHc+bMuBo3QIEhfz1qSYPE=",
            "content_base64sha512": "qjlgExZa1ooPt/zUj8Ch+bW+J7p1JxTDj2xQEp8Nq0KD7DQBGrZ9h8T7lTK7aX5Ns5GIVvP/BnjV6OdyUh6VNQ==",
            "content_md5": "3a3a3a6b3c406fc5464da7179c41ff3c",
            "content_sha1": "23acb739090ee576a8f03579aa021288e1812c97",
            "content_sha256": "25722f5b3f1a57e583978e7bd94e948d61dcf9b32e068dd020485fcf5a9260f1",
            "content_sha512": "aa396013165ad68a0fb7fcd48fc0a1f9b5be27ba752714c38f6c50129f0dab4283ec34011ab67d87c4fb9532bb697e4db3918856f3ff0678d5e8e772521e9535",
            "directory_permission": "0777",
            "file_permission": "0777",
            "filename": "../ansible/inventory",
            "id": "23acb739090ee576a8f03579aa021288e1812c97",
            "sensitive_content": null,
            "source": null
          },
          "sensitive_attributes": [],
          "dependencies": [
            "module.container-modules.proxmox_lxc.test_ct"
          ]
        }
      ]
    },
    {
      "module": "module.container-modules[\"authentication\"]",
      "mode": "managed",
      "type": "proxmox_lxc",
      "name": "test_ct",
      "provider": "provider[\"registry.terraform.io/telmate/proxmox\"]",
      "instances": [
        {
          "schema_version": 0,
          "attributes": {
            "arch": "amd64",
            "bwlimit": 0,
            "clone": null,
            "clone_storage": null,
            "cmode": "tty",
            "console": true,
            "cores": 2,
            "cpulimit": 0,
            "cpuunits": 1024,
            "description": "",
            "features": [
              {
                "fuse": false,
                "keyctl": false,
                "mknod": false,
                "mount": "",
                "nesting": true
              }
            ],
            "force": false,
            "full": null,
            "hagroup": "",
            "hastate": "",
            "hookscript": "",
            "hostname": "authentication",
            "id": "proxmox/lxc/105",
            "ignore_unpack_errors": false,
            "lock": "",
            "memory": 1024,
            "mountpoint": [],
            "nameserver": "",
            "network": [
              {
                "bridge": "vmbr0",
                "firewall": false,
                "gw": "192.168.1.1",
                "gw6": "",
                "hwaddr": "0A:FC:BB:57:00:D7",
                "ip": "192.168.1.105/24",
                "ip6": "auto",
                "mtu": 0,
                "name": "eth0",
                "rate": 0,
                "tag": 0,
                "trunks": "",
                "type": "veth"
              }
            ],
            "onboot": true,
            "ostemplate": "local:vztmpl/debian-11-standard_11.3-1_amd64.tar.zst",
            "ostype": "debian",
            "password": null,
            "pool": null,
            "protection": false,
            "restore": false,
            "rootfs": [
              {
                "acl": false,
                "quota": false,
                "replicate": false,
                "ro": false,
                "shared": false,
                "size": "8G",
                "storage": "FastStorage",
                "volume": "FastStorage:vm-105-disk-0"
              }
            ],
            "searchdomain": "",
            "ssh_public_keys": "        ssh-rsa AAAAB3NzaC1yc2EAAAADAQABAAABAQDGtvvMTZnu76+JxfBR+N6bAbxvUkZRvzwIKf7xWKxhDWLsQLpPwuOLDZ+YSl3mnMVX2nsY48Gnx/l/qFjyw9PrQy0M0zZ8ZEQ4xxbZgS2ttM+pK7EKMYqEYdftBlcjgfsVNUsXO1wBJXDBFmIwyU3t/mA5qg4eNbKmmXY5ZC53bdPoTCpbjxMEC5nagyQfGGRaqmkLbHuv9Z15nfvEms2Lufi88rju0KmPMwwxgi+0vlOklIhzB4llM/Lv/7PvZ9mktw8YXhr1YSZTTruHS7k2X3cxYPy0FayIEGgmTkw7oIPGsBN51Ipsrv67maYdIAjJ+rAFM6RgWPFDdyHa8mtt daniel@DESKTOP-ABOD49E\r\n    ssh-rsa AAAAB3NzaC1yc2EAAAADAQABAAABgQDi8t84mx77FeaPQb0uUdugu7NS7dVvQ1t/JfqlQXHMURvNguMO2puYZf8J6EnXLJ7syCCHdXRVdEodlcpZlD6YihT8irbJMKOHe/5CwAi852SiS3zn6tgliAOktJLgfrgYWX5UPLY8DtNCJxvt3K7UJV+1tTQR/Vg0dC7JM/+JkLROavdsj54M3s0PMFX+DceVnD3tU3p5XFNhT0Y/TAOhxcC1TUiydj2Jx1mJHDJZLq9+IDaNH6eR/JKDIseHg7WiiR48KQfEpe2y2fjUVRA99bJG7lZ+y1iX9Knt3fzM5GL+MJZhWb+9yVKFEbkopTrlhu4yvxNseDYKdVuGzMxK5aZDSmSAMMKsaD+TDlEApnylawYLaxJZfjjzYzZdKOQG+JsJWFUUAn4AVv82ffHAY/ovSHFnOaTjTEGmD/5VXHe7YXXYdjavdGQj8fPxffo1X5TvhVMZlL5ouxhO3i2MbRorIyeY1Js7qplUsOqngcAMLORYx3jbfBbRH95Bg5c=\r\n\n",
            "start": true,
            "startup": "",
            "swap": 0,
            "tags": "",
            "target_node": "proxmox",
            "template": false,
            "timeouts": null,
            "tty": 2,
            "unique": false,
            "unprivileged": true,
            "unused": [],
            "vmid": 105
          },
          "sensitive_attributes": [],
          "private": "eyJlMmJmYjczMC1lY2FhLTExZTYtOGY4OC0zNDM2M2JjN2M0YzAiOnsiY3JlYXRlIjozMDAwMDAwMDAwMDAsImRlZmF1bHQiOjMwMDAwMDAwMDAwMCwiZGVsZXRlIjoxODAwMDAwMDAwMDAsInJlYWQiOjE4MDAwMDAwMDAwMCwidXBkYXRlIjoxODAwMDAwMDAwMDB9fQ=="
        }
      ]
    },
    {
      "module": "module.container-modules[\"backup\"]",
      "mode": "managed",
      "type": "proxmox_lxc",
      "name": "test_ct",
      "provider": "provider[\"registry.terraform.io/telmate/proxmox\"]",
      "instances": [
        {
          "schema_version": 0,
          "attributes": {
            "arch": "amd64",
            "bwlimit": 0,
            "clone": null,
            "clone_storage": null,
            "cmode": "tty",
            "console": true,
            "cores": 2,
            "cpulimit": 0,
            "cpuunits": 1024,
            "description": "",
            "features": [
              {
                "fuse": false,
                "keyctl": false,
                "mknod": false,
                "mount": "",
                "nesting": true
              }
            ],
            "force": false,
            "full": null,
            "hagroup": "",
            "hastate": "",
            "hookscript": "",
            "hostname": "backup",
            "id": "proxmox/lxc/102",
            "ignore_unpack_errors": false,
            "lock": "",
            "memory": 1024,
            "mountpoint": [],
            "nameserver": "",
            "network": [
              {
                "bridge": "vmbr0",
                "firewall": false,
                "gw": "192.168.1.1",
                "gw6": "",
                "hwaddr": "92:13:08:64:DA:20",
                "ip": "192.168.1.102/24",
                "ip6": "auto",
                "mtu": 0,
                "name": "eth0",
                "rate": 0,
                "tag": 0,
                "trunks": "",
                "type": "veth"
              }
            ],
            "onboot": true,
            "ostemplate": "local:vztmpl/debian-11-standard_11.3-1_amd64.tar.zst",
            "ostype": "debian",
            "password": null,
            "pool": null,
            "protection": false,
            "restore": false,
            "rootfs": [
              {
                "acl": false,
                "quota": false,
                "replicate": false,
                "ro": false,
                "shared": false,
                "size": "8G",
                "storage": "FastStorage",
                "volume": "FastStorage:vm-102-disk-0"
              }
            ],
            "searchdomain": "",
            "ssh_public_keys": "        ssh-rsa AAAAB3NzaC1yc2EAAAADAQABAAABAQDGtvvMTZnu76+JxfBR+N6bAbxvUkZRvzwIKf7xWKxhDWLsQLpPwuOLDZ+YSl3mnMVX2nsY48Gnx/l/qFjyw9PrQy0M0zZ8ZEQ4xxbZgS2ttM+pK7EKMYqEYdftBlcjgfsVNUsXO1wBJXDBFmIwyU3t/mA5qg4eNbKmmXY5ZC53bdPoTCpbjxMEC5nagyQfGGRaqmkLbHuv9Z15nfvEms2Lufi88rju0KmPMwwxgi+0vlOklIhzB4llM/Lv/7PvZ9mktw8YXhr1YSZTTruHS7k2X3cxYPy0FayIEGgmTkw7oIPGsBN51Ipsrv67maYdIAjJ+rAFM6RgWPFDdyHa8mtt daniel@DESKTOP-ABOD49E\r\n    ssh-rsa AAAAB3NzaC1yc2EAAAADAQABAAABgQDi8t84mx77FeaPQb0uUdugu7NS7dVvQ1t/JfqlQXHMURvNguMO2puYZf8J6EnXLJ7syCCHdXRVdEodlcpZlD6YihT8irbJMKOHe/5CwAi852SiS3zn6tgliAOktJLgfrgYWX5UPLY8DtNCJxvt3K7UJV+1tTQR/Vg0dC7JM/+JkLROavdsj54M3s0PMFX+DceVnD3tU3p5XFNhT0Y/TAOhxcC1TUiydj2Jx1mJHDJZLq9+IDaNH6eR/JKDIseHg7WiiR48KQfEpe2y2fjUVRA99bJG7lZ+y1iX9Knt3fzM5GL+MJZhWb+9yVKFEbkopTrlhu4yvxNseDYKdVuGzMxK5aZDSmSAMMKsaD+TDlEApnylawYLaxJZfjjzYzZdKOQG+JsJWFUUAn4AVv82ffHAY/ovSHFnOaTjTEGmD/5VXHe7YXXYdjavdGQj8fPxffo1X5TvhVMZlL5ouxhO3i2MbRorIyeY1Js7qplUsOqngcAMLORYx3jbfBbRH95Bg5c=\r\n\n",
            "start": true,
            "startup": "",
            "swap": 0,
            "tags": "",
            "target_node": "proxmox",
            "template": false,
            "timeouts": null,
            "tty": 2,
            "unique": false,
            "unprivileged": true,
            "unused": [],
            "vmid": 102
          },
          "sensitive_attributes": [],
          "private": "eyJlMmJmYjczMC1lY2FhLTExZTYtOGY4OC0zNDM2M2JjN2M0YzAiOnsiY3JlYXRlIjozMDAwMDAwMDAwMDAsImRlZmF1bHQiOjMwMDAwMDAwMDAwMCwiZGVsZXRlIjoxODAwMDAwMDAwMDAsInJlYWQiOjE4MDAwMDAwMDAwMCwidXBkYXRlIjoxODAwMDAwMDAwMDB9fQ=="
        }
      ]
    },
    {
      "module": "module.container-modules[\"collaboration\"]",
      "mode": "managed",
      "type": "proxmox_lxc",
      "name": "test_ct",
      "provider": "provider[\"registry.terraform.io/telmate/proxmox\"]",
      "instances": [
        {
          "schema_version": 0,
          "attributes": {
            "arch": "amd64",
            "bwlimit": 0,
            "clone": null,
            "clone_storage": null,
            "cmode": "tty",
            "console": true,
            "cores": 2,
            "cpulimit": 0,
            "cpuunits": 1024,
            "description": "",
            "features": [
              {
                "fuse": false,
                "keyctl": false,
                "mknod": false,
                "mount": "",
                "nesting": true
              }
            ],
            "force": false,
            "full": null,
            "hagroup": "",
            "hastate": "",
            "hookscript": "",
            "hostname": "collaboration",
            "id": "proxmox/lxc/104",
            "ignore_unpack_errors": false,
            "lock": "",
            "memory": 4096,
            "mountpoint": [],
            "nameserver": "",
            "network": [
              {
                "bridge": "vmbr0",
                "firewall": false,
                "gw": "192.168.1.1",
                "gw6": "",
                "hwaddr": "9A:C2:DD:BF:8D:3F",
                "ip": "192.168.1.104/24",
                "ip6": "auto",
                "mtu": 0,
                "name": "eth0",
                "rate": 0,
                "tag": 0,
                "trunks": "",
                "type": "veth"
              }
            ],
            "onboot": true,
            "ostemplate": "local:vztmpl/debian-11-standard_11.3-1_amd64.tar.zst",
            "ostype": "debian",
            "password": null,
            "pool": null,
            "protection": false,
            "restore": false,
            "rootfs": [
              {
                "acl": false,
                "quota": false,
                "replicate": false,
                "ro": false,
                "shared": false,
                "size": "32G",
                "storage": "FastStorage",
                "volume": "FastStorage:vm-104-disk-0"
              }
            ],
            "searchdomain": "",
            "ssh_public_keys": "        ssh-rsa AAAAB3NzaC1yc2EAAAADAQABAAABAQDGtvvMTZnu76+JxfBR+N6bAbxvUkZRvzwIKf7xWKxhDWLsQLpPwuOLDZ+YSl3mnMVX2nsY48Gnx/l/qFjyw9PrQy0M0zZ8ZEQ4xxbZgS2ttM+pK7EKMYqEYdftBlcjgfsVNUsXO1wBJXDBFmIwyU3t/mA5qg4eNbKmmXY5ZC53bdPoTCpbjxMEC5nagyQfGGRaqmkLbHuv9Z15nfvEms2Lufi88rju0KmPMwwxgi+0vlOklIhzB4llM/Lv/7PvZ9mktw8YXhr1YSZTTruHS7k2X3cxYPy0FayIEGgmTkw7oIPGsBN51Ipsrv67maYdIAjJ+rAFM6RgWPFDdyHa8mtt daniel@DESKTOP-ABOD49E\r\n    ssh-rsa AAAAB3NzaC1yc2EAAAADAQABAAABgQDi8t84mx77FeaPQb0uUdugu7NS7dVvQ1t/JfqlQXHMURvNguMO2puYZf8J6EnXLJ7syCCHdXRVdEodlcpZlD6YihT8irbJMKOHe/5CwAi852SiS3zn6tgliAOktJLgfrgYWX5UPLY8DtNCJxvt3K7UJV+1tTQR/Vg0dC7JM/+JkLROavdsj54M3s0PMFX+DceVnD3tU3p5XFNhT0Y/TAOhxcC1TUiydj2Jx1mJHDJZLq9+IDaNH6eR/JKDIseHg7WiiR48KQfEpe2y2fjUVRA99bJG7lZ+y1iX9Knt3fzM5GL+MJZhWb+9yVKFEbkopTrlhu4yvxNseDYKdVuGzMxK5aZDSmSAMMKsaD+TDlEApnylawYLaxJZfjjzYzZdKOQG+JsJWFUUAn4AVv82ffHAY/ovSHFnOaTjTEGmD/5VXHe7YXXYdjavdGQj8fPxffo1X5TvhVMZlL5ouxhO3i2MbRorIyeY1Js7qplUsOqngcAMLORYx3jbfBbRH95Bg5c=\r\n\n",
            "start": true,
            "startup": "",
            "swap": 0,
            "tags": "",
            "target_node": "proxmox",
            "template": false,
            "timeouts": null,
            "tty": 2,
            "unique": false,
            "unprivileged": true,
            "unused": [],
            "vmid": 104
          },
          "sensitive_attributes": [],
          "private": "eyJlMmJmYjczMC1lY2FhLTExZTYtOGY4OC0zNDM2M2JjN2M0YzAiOnsiY3JlYXRlIjozMDAwMDAwMDAwMDAsImRlZmF1bHQiOjMwMDAwMDAwMDAwMCwiZGVsZXRlIjoxODAwMDAwMDAwMDAsInJlYWQiOjE4MDAwMDAwMDAwMCwidXBkYXRlIjoxODAwMDAwMDAwMDB9fQ=="
        }
      ]
    },
    {
      "module": "module.container-modules[\"media\"]",
      "mode": "managed",
      "type": "proxmox_lxc",
      "name": "test_ct",
      "provider": "provider[\"registry.terraform.io/telmate/proxmox\"]",
      "instances": [
        {
          "schema_version": 0,
          "attributes": {
            "arch": "amd64",
            "bwlimit": 0,
            "clone": null,
            "clone_storage": null,
            "cmode": "tty",
            "console": true,
            "cores": 2,
            "cpulimit": 0,
            "cpuunits": 1024,
            "description": "",
            "features": [
              {
                "fuse": false,
                "keyctl": false,
                "mknod": false,
                "mount": "",
                "nesting": true
              }
            ],
            "force": false,
            "full": null,
            "hagroup": "",
            "hastate": "",
            "hookscript": "",
            "hostname": "media",
            "id": "proxmox/lxc/101",
            "ignore_unpack_errors": false,
            "lock": "",
            "memory": 4096,
            "mountpoint": [],
            "nameserver": "",
            "network": [
              {
                "bridge": "vmbr0",
                "firewall": false,
                "gw": "192.168.1.1",
                "gw6": "",
                "hwaddr": "CA:35:F6:78:89:12",
                "ip": "192.168.1.101/24",
                "ip6": "auto",
                "mtu": 0,
                "name": "eth0",
                "rate": 0,
                "tag": 0,
                "trunks": "",
                "type": "veth"
              }
            ],
            "onboot": true,
            "ostemplate": "local:vztmpl/debian-11-standard_11.3-1_amd64.tar.zst",
            "ostype": "debian",
            "password": null,
            "pool": null,
            "protection": false,
            "restore": false,
            "rootfs": [
              {
                "acl": false,
                "quota": false,
                "replicate": false,
                "ro": false,
                "shared": false,
                "size": "16G",
                "storage": "FastStorage",
                "volume": "FastStorage:vm-101-disk-0"
              }
            ],
            "searchdomain": "",
            "ssh_public_keys": "        ssh-rsa AAAAB3NzaC1yc2EAAAADAQABAAABAQDGtvvMTZnu76+JxfBR+N6bAbxvUkZRvzwIKf7xWKxhDWLsQLpPwuOLDZ+YSl3mnMVX2nsY48Gnx/l/qFjyw9PrQy0M0zZ8ZEQ4xxbZgS2ttM+pK7EKMYqEYdftBlcjgfsVNUsXO1wBJXDBFmIwyU3t/mA5qg4eNbKmmXY5ZC53bdPoTCpbjxMEC5nagyQfGGRaqmkLbHuv9Z15nfvEms2Lufi88rju0KmPMwwxgi+0vlOklIhzB4llM/Lv/7PvZ9mktw8YXhr1YSZTTruHS7k2X3cxYPy0FayIEGgmTkw7oIPGsBN51Ipsrv67maYdIAjJ+rAFM6RgWPFDdyHa8mtt daniel@DESKTOP-ABOD49E\r\n    ssh-rsa AAAAB3NzaC1yc2EAAAADAQABAAABgQDi8t84mx77FeaPQb0uUdugu7NS7dVvQ1t/JfqlQXHMURvNguMO2puYZf8J6EnXLJ7syCCHdXRVdEodlcpZlD6YihT8irbJMKOHe/5CwAi852SiS3zn6tgliAOktJLgfrgYWX5UPLY8DtNCJxvt3K7UJV+1tTQR/Vg0dC7JM/+JkLROavdsj54M3s0PMFX+DceVnD3tU3p5XFNhT0Y/TAOhxcC1TUiydj2Jx1mJHDJZLq9+IDaNH6eR/JKDIseHg7WiiR48KQfEpe2y2fjUVRA99bJG7lZ+y1iX9Knt3fzM5GL+MJZhWb+9yVKFEbkopTrlhu4yvxNseDYKdVuGzMxK5aZDSmSAMMKsaD+TDlEApnylawYLaxJZfjjzYzZdKOQG+JsJWFUUAn4AVv82ffHAY/ovSHFnOaTjTEGmD/5VXHe7YXXYdjavdGQj8fPxffo1X5TvhVMZlL5ouxhO3i2MbRorIyeY1Js7qplUsOqngcAMLORYx3jbfBbRH95Bg5c=\r\n\n",
            "start": true,
            "startup": "",
            "swap": 0,
            "tags": "",
            "target_node": "proxmox",
            "template": false,
            "timeouts": null,
            "tty": 2,
            "unique": false,
            "unprivileged": true,
            "unused": [],
            "vmid": 101
          },
          "sensitive_attributes": [],
          "private": "eyJlMmJmYjczMC1lY2FhLTExZTYtOGY4OC0zNDM2M2JjN2M0YzAiOnsiY3JlYXRlIjozMDAwMDAwMDAwMDAsImRlZmF1bHQiOjMwMDAwMDAwMDAwMCwiZGVsZXRlIjoxODAwMDAwMDAwMDAsInJlYWQiOjE4MDAwMDAwMDAwMCwidXBkYXRlIjoxODAwMDAwMDAwMDB9fQ=="
        }
      ]
    },
    {
      "module": "module.container-modules[\"network\"]",
      "mode": "managed",
      "type": "proxmox_lxc",
      "name": "test_ct",
      "provider": "provider[\"registry.terraform.io/telmate/proxmox\"]",
      "instances": [
        {
          "schema_version": 0,
          "attributes": {
            "arch": "amd64",
            "bwlimit": 0,
            "clone": null,
            "clone_storage": null,
            "cmode": "tty",
            "console": true,
            "cores": 2,
            "cpulimit": 0,
            "cpuunits": 1024,
            "description": "",
            "features": [
              {
                "fuse": false,
                "keyctl": false,
                "mknod": false,
                "mount": "",
                "nesting": true
              }
            ],
            "force": false,
            "full": null,
            "hagroup": "",
            "hastate": "",
            "hookscript": "",
            "hostname": "network",
            "id": "proxmox/lxc/103",
            "ignore_unpack_errors": false,
            "lock": "",
            "memory": 1024,
            "mountpoint": [],
            "nameserver": "",
            "network": [
              {
                "bridge": "vmbr0",
                "firewall": false,
                "gw": "192.168.1.1",
                "gw6": "",
                "hwaddr": "52:E9:12:2E:0C:B1",
                "ip": "192.168.1.103/24",
                "ip6": "auto",
                "mtu": 0,
                "name": "eth0",
                "rate": 0,
                "tag": 0,
                "trunks": "",
                "type": "veth"
              }
            ],
            "onboot": true,
            "ostemplate": "local:vztmpl/debian-11-standard_11.3-1_amd64.tar.zst",
            "ostype": "debian",
            "password": null,
            "pool": null,
            "protection": false,
            "restore": false,
            "rootfs": [
              {
                "acl": false,
                "quota": false,
                "replicate": false,
                "ro": false,
                "shared": false,
                "size": "8G",
                "storage": "FastStorage",
                "volume": "FastStorage:vm-103-disk-0"
              }
            ],
            "searchdomain": "",
            "ssh_public_keys": "        ssh-rsa AAAAB3NzaC1yc2EAAAADAQABAAABAQDGtvvMTZnu76+JxfBR+N6bAbxvUkZRvzwIKf7xWKxhDWLsQLpPwuOLDZ+YSl3mnMVX2nsY48Gnx/l/qFjyw9PrQy0M0zZ8ZEQ4xxbZgS2ttM+pK7EKMYqEYdftBlcjgfsVNUsXO1wBJXDBFmIwyU3t/mA5qg4eNbKmmXY5ZC53bdPoTCpbjxMEC5nagyQfGGRaqmkLbHuv9Z15nfvEms2Lufi88rju0KmPMwwxgi+0vlOklIhzB4llM/Lv/7PvZ9mktw8YXhr1YSZTTruHS7k2X3cxYPy0FayIEGgmTkw7oIPGsBN51Ipsrv67maYdIAjJ+rAFM6RgWPFDdyHa8mtt daniel@DESKTOP-ABOD49E\r\n    ssh-rsa AAAAB3NzaC1yc2EAAAADAQABAAABgQDi8t84mx77FeaPQb0uUdugu7NS7dVvQ1t/JfqlQXHMURvNguMO2puYZf8J6EnXLJ7syCCHdXRVdEodlcpZlD6YihT8irbJMKOHe/5CwAi852SiS3zn6tgliAOktJLgfrgYWX5UPLY8DtNCJxvt3K7UJV+1tTQR/Vg0dC7JM/+JkLROavdsj54M3s0PMFX+DceVnD3tU3p5XFNhT0Y/TAOhxcC1TUiydj2Jx1mJHDJZLq9+IDaNH6eR/JKDIseHg7WiiR48KQfEpe2y2fjUVRA99bJG7lZ+y1iX9Knt3fzM5GL+MJZhWb+9yVKFEbkopTrlhu4yvxNseDYKdVuGzMxK5aZDSmSAMMKsaD+TDlEApnylawYLaxJZfjjzYzZdKOQG+JsJWFUUAn4AVv82ffHAY/ovSHFnOaTjTEGmD/5VXHe7YXXYdjavdGQj8fPxffo1X5TvhVMZlL5ouxhO3i2MbRorIyeY1Js7qplUsOqngcAMLORYx3jbfBbRH95Bg5c=\r\n\n",
            "start": true,
            "startup": "",
            "swap": 0,
            "tags": "",
            "target_node": "proxmox",
            "template": false,
            "timeouts": null,
            "tty": 2,
            "unique": false,
            "unprivileged": true,
            "unused": [],
            "vmid": 103
          },
          "sensitive_attributes": [],
          "private": "eyJlMmJmYjczMC1lY2FhLTExZTYtOGY4OC0zNDM2M2JjN2M0YzAiOnsiY3JlYXRlIjozMDAwMDAwMDAwMDAsImRlZmF1bHQiOjMwMDAwMDAwMDAwMCwiZGVsZXRlIjoxODAwMDAwMDAwMDAsInJlYWQiOjE4MDAwMDAwMDAwMCwidXBkYXRlIjoxODAwMDAwMDAwMDB9fQ=="
        }
      ]
    }
  ],
  "check_results": null
}
