{
  "version": 4,
  "terraform_version": "1.2.6",
  "serial": 4,
  "lineage": "70b9808b-fb6d-5598-26d9-157cfbd84c52",
  "outputs": {},
  "resources": [
    {
      "mode": "managed",
      "type": "local_file",
      "name": "ansible_inventory",
      "provider": "provider[\"registry.terraform.io/hashicorp/local\"]",
      "instances": [
        {
          "schema_version": 0,
          "attributes": {
            "content": "---\r\n# This should be replaced with the terraform integration!\r\n# In lack of automatic creation (?) from tf, this currently requires an additional \"-i inventory\" when run\r\nall:\r\n  hosts:\r\n    pve:\r\n      ansible_host: 192.168.1.100\r\n      ansible_user: root\r\n      ansible_python_interpreter: /usr/bin/python3\r\n  # children:\r\n    media:\r\n      ansible_host: 192.168.1.101\r\n      ansible_user: root\r\n    # vms:\r\n    #   hassio:\r\n    #     ansible_host: {{ hassio_ip }}\r\n    #     ansible_user: {{ user }}\r\n    #   opnsense:\r\n    #     ansible_host: {{ opnsense_ip }}\r\n    #     ansible_user: {{ user }}",
            "content_base64": null,
            "directory_permission": "0777",
            "file_permission": "0777",
            "filename": "../ansible/inventory",
            "id": "c2e890191fc87831903c977a874522bfe8b4b436",
            "sensitive_content": null,
            "source": null
          },
          "sensitive_attributes": [],
          "private": "bnVsbA==",
          "dependencies": [
            "module.media.proxmox_lxc.test_ct"
          ]
        }
      ]
    },
    {
      "module": "module.media",
      "mode": "managed",
      "type": "proxmox_lxc",
      "name": "test_ct",
      "provider": "provider[\"registry.terraform.io/telmate/proxmox\"]",
      "instances": [
        {
          "schema_version": 0,
          "attributes": {
            "arch": "amd64",
            "bwlimit": 0,
            "clone": null,
            "clone_storage": null,
            "cmode": "tty",
            "console": true,
            "cores": 2,
            "cpulimit": 0,
            "cpuunits": 1024,
            "description": "",
            "features": [
              {
                "fuse": false,
                "keyctl": false,
                "mknod": false,
                "mount": "",
                "nesting": true
              }
            ],
            "force": false,
            "full": null,
            "hagroup": "",
            "hastate": "",
            "hookscript": "",
            "hostname": "media",
            "id": "proxmox/lxc/101",
            "ignore_unpack_errors": false,
            "lock": "",
            "memory": 1024,
            "mountpoint": [],
            "nameserver": "",
            "network": [
              {
                "bridge": "vmbr0",
                "firewall": false,
                "gw": "192.168.1.1",
                "gw6": "",
                "hwaddr": "06:34:EB:DB:93:77",
                "ip": "192.168.1.101/24",
                "ip6": "auto",
                "mtu": 0,
                "name": "eth0",
                "rate": 0,
                "tag": 0,
                "trunks": "",
                "type": "veth"
              }
            ],
            "onboot": true,
            "ostemplate": "local:vztmpl/debian-11-standard_11.3-1_amd64.tar.zst",
            "ostype": "debian",
            "password": null,
            "pool": null,
            "protection": false,
            "restore": false,
            "rootfs": [
              {
                "acl": false,
                "quota": false,
                "replicate": false,
                "ro": false,
                "shared": false,
                "size": "8G",
                "storage": "FastStorage",
                "volume": "FastStorage:vm-101-disk-0"
              }
            ],
            "searchdomain": "",
            "ssh_public_keys": "        ssh-rsa AAAAB3NzaC1yc2EAAAADAQABAAABAQDGtvvMTZnu76+JxfBR+N6bAbxvUkZRvzwIKf7xWKxhDWLsQLpPwuOLDZ+YSl3mnMVX2nsY48Gnx/l/qFjyw9PrQy0M0zZ8ZEQ4xxbZgS2ttM+pK7EKMYqEYdftBlcjgfsVNUsXO1wBJXDBFmIwyU3t/mA5qg4eNbKmmXY5ZC53bdPoTCpbjxMEC5nagyQfGGRaqmkLbHuv9Z15nfvEms2Lufi88rju0KmPMwwxgi+0vlOklIhzB4llM/Lv/7PvZ9mktw8YXhr1YSZTTruHS7k2X3cxYPy0FayIEGgmTkw7oIPGsBN51Ipsrv67maYdIAjJ+rAFM6RgWPFDdyHa8mtt daniel@DESKTOP-ABOD49E\r\n    ssh-rsa AAAAB3NzaC1yc2EAAAADAQABAAABgQDi8t84mx77FeaPQb0uUdugu7NS7dVvQ1t/JfqlQXHMURvNguMO2puYZf8J6EnXLJ7syCCHdXRVdEodlcpZlD6YihT8irbJMKOHe/5CwAi852SiS3zn6tgliAOktJLgfrgYWX5UPLY8DtNCJxvt3K7UJV+1tTQR/Vg0dC7JM/+JkLROavdsj54M3s0PMFX+DceVnD3tU3p5XFNhT0Y/TAOhxcC1TUiydj2Jx1mJHDJZLq9+IDaNH6eR/JKDIseHg7WiiR48KQfEpe2y2fjUVRA99bJG7lZ+y1iX9Knt3fzM5GL+MJZhWb+9yVKFEbkopTrlhu4yvxNseDYKdVuGzMxK5aZDSmSAMMKsaD+TDlEApnylawYLaxJZfjjzYzZdKOQG+JsJWFUUAn4AVv82ffHAY/ovSHFnOaTjTEGmD/5VXHe7YXXYdjavdGQj8fPxffo1X5TvhVMZlL5ouxhO3i2MbRorIyeY1Js7qplUsOqngcAMLORYx3jbfBbRH95Bg5c=\r\n\n",
            "start": true,
            "startup": "",
            "swap": 0,
            "tags": "",
            "target_node": "proxmox",
            "template": false,
            "timeouts": null,
            "tty": 2,
            "unique": false,
            "unprivileged": true,
            "unused": [],
            "vmid": 101
          },
          "sensitive_attributes": [],
          "private": "eyJlMmJmYjczMC1lY2FhLTExZTYtOGY4OC0zNDM2M2JjN2M0YzAiOnsiY3JlYXRlIjozMDAwMDAwMDAwMDAsImRlZmF1bHQiOjMwMDAwMDAwMDAwMCwiZGVsZXRlIjoxODAwMDAwMDAwMDAsInJlYWQiOjE4MDAwMDAwMDAwMCwidXBkYXRlIjoxODAwMDAwMDAwMDB9fQ=="
        }
      ]
    }
  ]
}
